<Solution>
  <Folder Name="/src/">
    <Project Path="src/AviUtlPluginNet.Abstractions/AviUtlPluginNet.Abstractions.csproj" />
    <Project Path="src/AviUtlPluginNet.Core/AviUtlPluginNet.Core.csproj" />
    <Project Path="src/AviUtlPluginNet.Example/AviUtlPluginNet.Example.csproj" />
    <Project Path="src/AviUtlPluginNet.Win32/AviUtlPluginNet.Win32.csproj" />
  </Folder>
</Solution>
